
Microsoft Visual Studio Solution File, Format Version 12.00
# Visual Studio 2013
VisualStudioVersion = 12.0.21005.1
MinimumVisualStudioVersion = 10.0.40219.1
Project("{2150E333-8FDC-42A3-9474-1A3956D46DE8}") = ".nuget", ".nuget", "{D0088EA6-11A9-4836-B23E-8AFBCB55B67D}"
	ProjectSection(SolutionItems) = preProject
		.nuget\NuGet.Config = .nuget\NuGet.Config
		.nuget\NuGet.exe = .nuget\NuGet.exe
		.nuget\NuGet.targets = .nuget\NuGet.targets
	EndProjectSection
EndProject
Project("{FAE04EC0-301F-11D3-BF4B-00C04F79EFBC}") = "CodeWarrior.DAL", "Application\CodeWarrior.DAL\CodeWarrior.DAL.csproj", "{A8EEF792-7BE0-49AC-B3C1-EDC3E15D1737}"
EndProject
Project("{FAE04EC0-301F-11D3-BF4B-00C04F79EFBC}") = "CodeWarrior.App", "Application\CodeWarrior.App\CodeWarrior.App.csproj", "{B327F69D-9CCC-4780-96BA-ECBF714A45BA}"
EndProject
Project("{FAE04EC0-301F-11D3-BF4B-00C04F79EFBC}") = "CodeWarrior.App.Tests", "CodeWarrior.App.Tests\CodeWarrior.App.Tests.csproj", "{822797FF-E140-4CD6-93D5-03988FFF226E}"
EndProject
Project("{FAE04EC0-301F-11D3-BF4B-00C04F79EFBC}") = "CodeWarrior.Model", "Application\CodeWarrior.Model\CodeWarrior.Model.csproj", "{4CC4A1AB-7A4A-41AC-AD2A-6536C7128AEF}"
EndProject
Project("{FAE04EC0-301F-11D3-BF4B-00C04F79EFBC}") = "CodeWarrior.SharedLibrary", "Application\CodeWarrior.SharedLibrary\CodeWarrior.SharedLibrary.csproj", "{C08903DA-D246-4E87-B478-CDA46678600B}"
EndProject
Project("{FAE04EC0-301F-11D3-BF4B-00C04F79EFBC}") = "CodeWarrior.Scripts.Tests", "CodeWarrior.Scripts.Tests\CodeWarrior.Scripts.Tests.csproj", "{FFF23DCF-5176-48FC-96AB-C70668E22375}"
EndProject
Global
	GlobalSection(SolutionConfigurationPlatforms) = preSolution
		Debug|Any CPU = Debug|Any CPU
		Release|Any CPU = Release|Any CPU
	EndGlobalSection
	GlobalSection(ProjectConfigurationPlatforms) = postSolution
		{A8EEF792-7BE0-49AC-B3C1-EDC3E15D1737}.Debug|Any CPU.ActiveCfg = Debug|Any CPU
		{A8EEF792-7BE0-49AC-B3C1-EDC3E15D1737}.Debug|Any CPU.Build.0 = Debug|Any CPU
		{A8EEF792-7BE0-49AC-B3C1-EDC3E15D1737}.Release|Any CPU.ActiveCfg = Release|Any CPU
		{A8EEF792-7BE0-49AC-B3C1-EDC3E15D1737}.Release|Any CPU.Build.0 = Release|Any CPU
		{B327F69D-9CCC-4780-96BA-ECBF714A45BA}.Debug|Any CPU.ActiveCfg = Debug|Any CPU
		{B327F69D-9CCC-4780-96BA-ECBF714A45BA}.Debug|Any CPU.Build.0 = Debug|Any CPU
		{B327F69D-9CCC-4780-96BA-ECBF714A45BA}.Release|Any CPU.ActiveCfg = Release|Any CPU
		{B327F69D-9CCC-4780-96BA-ECBF714A45BA}.Release|Any CPU.Build.0 = Release|Any CPU
		{822797FF-E140-4CD6-93D5-03988FFF226E}.Debug|Any CPU.ActiveCfg = Debug|Any CPU
		{822797FF-E140-4CD6-93D5-03988FFF226E}.Debug|Any CPU.Build.0 = Debug|Any CPU
		{822797FF-E140-4CD6-93D5-03988FFF226E}.Release|Any CPU.ActiveCfg = Release|Any CPU
		{822797FF-E140-4CD6-93D5-03988FFF226E}.Release|Any CPU.Build.0 = Release|Any CPU
		{4CC4A1AB-7A4A-41AC-AD2A-6536C7128AEF}.Debug|Any CPU.ActiveCfg = Debug|Any CPU
		{4CC4A1AB-7A4A-41AC-AD2A-6536C7128AEF}.Debug|Any CPU.Build.0 = Debug|Any CPU
		{4CC4A1AB-7A4A-41AC-AD2A-6536C7128AEF}.Release|Any CPU.ActiveCfg = Release|Any CPU
		{4CC4A1AB-7A4A-41AC-AD2A-6536C7128AEF}.Release|Any CPU.Build.0 = Release|Any CPU
		{C08903DA-D246-4E87-B478-CDA46678600B}.Debug|Any CPU.ActiveCfg = Debug|Any CPU
		{C08903DA-D246-4E87-B478-CDA46678600B}.Debug|Any CPU.Build.0 = Debug|Any CPU
		{C08903DA-D246-4E87-B478-CDA46678600B}.Release|Any CPU.ActiveCfg = Release|Any CPU
		{C08903DA-D246-4E87-B478-CDA46678600B}.Release|Any CPU.Build.0 = Release|Any CPU
		{FFF23DCF-5176-48FC-96AB-C70668E22375}.Debug|Any CPU.ActiveCfg = Debug|Any CPU
		{FFF23DCF-5176-48FC-96AB-C70668E22375}.Debug|Any CPU.Build.0 = Debug|Any CPU
		{FFF23DCF-5176-48FC-96AB-C70668E22375}.Release|Any CPU.ActiveCfg = Release|Any CPU
		{FFF23DCF-5176-48FC-96AB-C70668E22375}.Release|Any CPU.Build.0 = Release|Any CPU
	EndGlobalSection
	GlobalSection(SolutionProperties) = preSolution
		HideSolutionNode = FALSE
	EndGlobalSection
EndGlobal
